# This file is automatically @generated by Cargo.
# It is not intended for manual editing.
version = 4

[[package]]
name = "attributes"
version = "0.1.0"

[[package]]
name = "closures"
version = "0.1.0"

[[package]]
name = "data-structures-and-algorithms"
version = "0.1.0"

[[package]]
name = "iterators"
version = "0.1.0"

[[package]]
name = "macros"
version = "0.1.0"

[[package]]
name = "traits"
version = "0.1.0"

[[package]]
name = "turbofish"
version = "0.1.0"
